// !$*UTF8*$!
{
	archiveVersion = 1;
	classes = {
	};
	objectVersion = 50;
	objects = {

/* Begin PBXBuildFile section */
		C17A46FE23DFF48300082052 /* AppDelegate.swift in Sources */ = {isa = PBXBuildFile; fileRef = C17A46FD23DFF48300082052 /* AppDelegate.swift */; };
		C17A470023DFF48300082052 /* SceneDelegate.swift in Sources */ = {isa = PBXBuildFile; fileRef = C17A46FF23DFF48300082052 /* SceneDelegate.swift */; };
		C17A470223DFF48300082052 /* ViewController.swift in Sources */ = {isa = PBXBuildFile; fileRef = C17A470123DFF48300082052 /* ViewController.swift */; };
		C17A470523DFF48300082052 /* Main.storyboard in Resources */ = {isa = PBXBuildFile; fileRef = C17A470323DFF48300082052 /* Main.storyboard */; };
		C17A470723DFF48400082052 /* Assets.xcassets in Resources */ = {isa = PBXBuildFile; fileRef = C17A470623DFF48400082052 /* Assets.xcassets */; };
		C17A470A23DFF48400082052 /* LaunchScreen.storyboard in Resources */ = {isa = PBXBuildFile; fileRef = C17A470823DFF48400082052 /* LaunchScreen.storyboard */; };
		C17A471323E0074B00082052 /* DaynView.swift in Sources */ = {isa = PBXBuildFile; fileRef = C17A471223E0074B00082052 /* DaynView.swift */; };
		C17A471523E0112900082052 /* DaynButton.swift in Sources */ = {isa = PBXBuildFile; fileRef = C17A471423E0112900082052 /* DaynButton.swift */; };
/* End PBXBuildFile section */

/* Begin PBXFileReference section */
		C17A46FA23DFF48300082052 /* Dayn.app */ = {isa = PBXFileReference; explicitFileType = wrapper.application; includeInIndex = 0; path = Dayn.app; sourceTree = BUILT_PRODUCTS_DIR; };
		C17A46FD23DFF48300082052 /* AppDelegate.swift */ = {isa = PBXFileReference; lastKnownFileType = sourcecode.swift; path = AppDelegate.swift; sourceTree = "<group>"; };
		C17A46FF23DFF48300082052 /* SceneDelegate.swift */ = {isa = PBXFileReference; lastKnownFileType = sourcecode.swift; path = SceneDelegate.swift; sourceTree = "<group>"; };
		C17A470123DFF48300082052 /* ViewController.swift */ = {isa = PBXFileReference; lastKnownFileType = sourcecode.swift; path = ViewController.swift; sourceTree = "<group>"; };
		C17A470423DFF48300082052 /* Base */ = {isa = PBXFileReference; lastKnownFileType = file.storyboard; name = Base; path = Base.lproj/Main.storyboard; sourceTree = "<group>"; };
		C17A470623DFF48400082052 /* Assets.xcassets */ = {isa = PBXFileReference; lastKnownFileType = folder.assetcatalog; path = Assets.xcassets; sourceTree = "<group>"; };
		C17A470923DFF48400082052 /* Base */ = {isa = PBXFileReference; lastKnownFileType = file.storyboard; name = Base; path = Base.lproj/LaunchScreen.storyboard; sourceTree = "<group>"; };
		C17A470B23DFF48400082052 /* Info.plist */ = {isa = PBXFileReference; lastKnownFileType = text.plist.xml; path = Info.plist; sourceTree = "<group>"; };
		C17A471223E0074B00082052 /* DaynView.swift */ = {isa = PBXFileReference; lastKnownFileType = sourcecode.swift; path = DaynView.swift; sourceTree = "<group>"; };
		C17A471423E0112900082052 /* DaynButton.swift */ = {isa = PBXFileReference; lastKnownFileType = sourcecode.swift; path = DaynButton.swift; sourceTree = "<group>"; };
/* End PBXFileReference section */

/* Begin PBXFrameworksBuildPhase section */
		C17A46F723DFF48300082052 /* Frameworks */ = {
			isa = PBXFrameworksBuildPhase;
			buildActionMask = 2147483647;
			files = (
			);
			runOnlyForDeploymentPostprocessing = 0;
		};
/* End PBXFrameworksBuildPhase section */

/* Begin PBXGroup section */
		C17A46F123DFF48300082052 = {
			isa = PBXGroup;
			children = (
				C17A46FC23DFF48300082052 /* Dayn */,
				C17A46FB23DFF48300082052 /* Products */,
			);
			sourceTree = "<group>";
		};
		C17A46FB23DFF48300082052 /* Products */ = {
			isa = PBXGroup;
			children = (
				C17A46FA23DFF48300082052 /* Dayn.app */,
			);
			name = Products;
			sourceTree = "<group>";
		};
		C17A46FC23DFF48300082052 /* Dayn */ = {
			isa = PBXGroup;
			children = (
				C17A471123E0073300082052 /* Classes */,
				C17A46FD23DFF48300082052 /* AppDelegate.swift */,
				C17A46FF23DFF48300082052 /* SceneDelegate.swift */,
				C17A470123DFF48300082052 /* ViewController.swift */,
				C17A470323DFF48300082052 /* Main.storyboard */,
				C17A470623DFF48400082052 /* Assets.xcassets */,
				C17A470823DFF48400082052 /* LaunchScreen.storyboard */,
				C17A470B23DFF48400082052 /* Info.plist */,
			);
			path = Dayn;
			sourceTree = "<group>";
		};
		C17A471123E0073300082052 /* Classes */ = {
			isa = PBXGroup;
			children = (
				C17A471223E0074B00082052 /* DaynView.swift */,
				C17A471423E0112900082052 /* DaynButton.swift */,
			);
			path = Classes;
			sourceTree = "<group>";
		};
/* End PBXGroup section */

/* Begin PBXNativeTarget section */
		C17A46F923DFF48300082052 /* Dayn */ = {
			isa = PBXNativeTarget;
			buildConfigurationList = C17A470E23DFF48400082052 /* Build configuration list for PBXNativeTarget "Dayn" */;
			buildPhases = (
				C17A46F623DFF48300082052 /* Sources */,
				C17A46F723DFF48300082052 /* Frameworks */,
				C17A46F823DFF48300082052 /* Resources */,
			);
			buildRules = (
			);
			dependencies = (
			);
			name = Dayn;
			productName = Dayn;
			productReference = C17A46FA23DFF48300082052 /* Dayn.app */;
			productType = "com.apple.product-type.application";
		};
/* End PBXNativeTarget section */

/* Begin PBXProject section */
		C17A46F223DFF48300082052 /* Project object */ = {
			isa = PBXProject;
			attributes = {
				LastSwiftUpdateCheck = 1130;
				LastUpgradeCheck = 1130;
				ORGANIZATIONNAME = Antique;
				TargetAttributes = {
					C17A46F923DFF48300082052 = {
						CreatedOnToolsVersion = 11.3.1;
					};
				};
			};
			buildConfigurationList = C17A46F523DFF48300082052 /* Build configuration list for PBXProject "Dayn" */;
			compatibilityVersion = "Xcode 9.3";
			developmentRegion = en;
			hasScannedForEncodings = 0;
			knownRegions = (
				en,
				Base,
			);
			mainGroup = C17A46F123DFF48300082052;
			productRefGroup = C17A46FB23DFF48300082052 /* Products */;
			projectDirPath = "";
			projectRoot = "";
			targets = (
				C17A46F923DFF48300082052 /* Dayn */,
			);
		};
/* End PBXProject section */

/* Begin PBXResourcesBuildPhase section */
		C17A46F823DFF48300082052 /* Resources */ = {
			isa = PBXResourcesBuildPhase;
			buildActionMask = 2147483647;
			files = (
				C17A470A23DFF48400082052 /* LaunchScreen.storyboard in Resources */,
				C17A470723DFF48400082052 /* Assets.xcassets in Resources */,
				C17A470523DFF48300082052 /* Main.storyboard in Resources */,
			);
			runOnlyForDeploymentPostprocessing = 0;
		};
/* End PBXResourcesBuildPhase section */

/* Begin PBXSourcesBuildPhase section */
		C17A46F623DFF48300082052 /* Sources */ = {
			isa = PBXSourcesBuildPhase;
			buildActionMask = 2147483647;
			files = (
				C17A471523E0112900082052 /* DaynButton.swift in Sources */,
				C17A471323E0074B00082052 /* DaynView.swift in Sources */,
				C17A470223DFF48300082052 /* ViewController.swift in Sources */,
				C17A46FE23DFF48300082052 /* AppDelegate.swift in Sources */,
				C17A470023DFF48300082052 /* SceneDelegate.swift in Sources */,
			);
			runOnlyForDeploymentPostprocessing = 0;
		};
/* End PBXSourcesBuildPhase section */

/* Begin PBXVariantGroup section */
		C17A470323DFF48300082052 /* Main.storyboard */ = {
			isa = PBXVariantGroup;
			children = (
				C17A470423DFF48300082052 /* Base */,
			);
			name = Main.storyboard;
			sourceTree = "<group>";
		};
		C17A470823DFF48400082052 /* LaunchScreen.storyboard */ = {
			isa = PBXVariantGroup;
			children = (
				C17A470923DFF48400082052 /* Base */,
			);
			name = LaunchScreen.storyboard;
			sourceTree = "<group>";
		};
/* End PBXVariantGroup section */

/* Begin XCBuildConfiguration section */
		C17A470C23DFF48400082052 /* Debug */ = {
			isa = XCBuildConfiguration;
			buildSettings = {
				ALWAYS_SEARCH_USER_PATHS = NO;
				CLANG_ANALYZER_NONNULL = YES;
				CLANG_ANALYZER_NUMBER_OBJECT_CONVERSION = YES_AGGRESSIVE;
				CLANG_CXX_LANGUAGE_STANDARD = "gnu++14";
				CLANG_CXX_LIBRARY = "libc++";
				CLANG_ENABLE_MODULES = YES;
				CLANG_ENABLE_OBJC_ARC = YES;
				CLANG_ENABLE_OBJC_WEAK = YES;
				CLANG_WARN_BLOCK_CAPTURE_AUTORELEASING = YES;
				CLANG_WARN_BOOL_CONVERSION = YES;
				CLANG_WARN_COMMA = YES;
				CLANG_WARN_CONSTANT_CONVERSION = YES;
				CLANG_WARN_DEPRECATED_OBJC_IMPLEMENTATIONS = YES;
				CLANG_WARN_DIRECT_OBJC_ISA_USAGE = YES_ERROR;
				CLANG_WARN_DOCUMENTATION_COMMENTS = YES;
				CLANG_WARN_EMPTY_BODY = YES;
				CLANG_WARN_ENUM_CONVERSION = YES;
				CLANG_WARN_INFINITE_RECURSION = YES;
				CLANG_WARN_INT_CONVERSION = YES;
				CLANG_WARN_NON_LITERAL_NULL_CONVERSION = YES;
				CLANG_WARN_OBJC_IMPLICIT_RETAIN_SELF = YES;
				CLANG_WARN_OBJC_LITERAL_CONVERSION = YES;
				CLANG_WARN_OBJC_ROOT_CLASS = YES_ERROR;
				CLANG_WARN_RANGE_LOOP_ANALYSIS = YES;
				CLANG_WARN_STRICT_PROTOTYPES = YES;
				CLANG_WARN_SUSPICIOUS_MOVE = YES;
				CLANG_WARN_UNGUARDED_AVAILABILITY = YES_AGGRESSIVE;
				CLANG_WARN_UNREACHABLE_CODE = YES;
				CLANG_WARN__DUPLICATE_METHOD_MATCH = YES;
				COPY_PHASE_STRIP = NO;
				DEBUG_INFORMATION_FORMAT = dwarf;
				ENABLE_STRICT_OBJC_MSGSEND = YES;
				ENABLE_TESTABILITY = YES;
				GCC_C_LANGUAGE_STANDARD = gnu11;
				GCC_DYNAMIC_NO_PIC = NO;
				GCC_NO_COMMON_BLOCKS = YES;
				GCC_OPTIMIZATION_LEVEL = 0;
				GCC_PREPROCESSOR_DEFINITIONS = (
					"DEBUG=1",
					"$(inherited)",
				);
				GCC_WARN_64_TO_32_BIT_CONVERSION = YES;
				GCC_WARN_ABOUT_RETURN_TYPE = YES_ERROR;
				GCC_WARN_UNDECLARED_SELECTOR = YES;
				GCC_WARN_UNINITIALIZED_AUTOS = YES_AGGRESSIVE;
				GCC_WARN_UNUSED_FUNCTION = YES;
				GCC_WARN_UNUSED_VARIABLE = YES;
				IPHONEOS_DEPLOYMENT_TARGET = 13.2;
				MTL_ENABLE_DEBUG_INFO = INCLUDE_SOURCE;
				MTL_FAST_MATH = YES;
				ONLY_ACTIVE_ARCH = YES;
				SDKROOT = iphoneos;
				SWIFT_ACTIVE_COMPILATION_CONDITIONS = DEBUG;
				SWIFT_OPTIMIZATION_LEVEL = "-Onone";
			};
			name = Debug;
		};
		C17A470D23DFF48400082052 /* Release */ = {
			isa = XCBuildConfiguration;
			buildSettings = {
				ALWAYS_SEARCH_USER_PATHS = NO;
				CLANG_ANALYZER_NONNULL = YES;
				CLANG_ANALYZER_NUMBER_OBJECT_CONVERSION = YES_AGGRESSIVE;
				CLANG_CXX_LANGUAGE_STANDARD = "gnu++14";
				CLANG_CXX_LIBRARY = "libc++";
				CLANG_ENABLE_MODULES = YES;
				CLANG_ENABLE_OBJC_ARC = YES;
				CLANG_ENABLE_OBJC_WEAK = YES;
				CLANG_WARN_BLOCK_CAPTURE_AUTORELEASING = YES;
				CLANG_WARN_BOOL_CONVERSION = YES;
				CLANG_WARN_COMMA = YES;
				CLANG_WARN_CONSTANT_CONVERSION = YES;
				CLANG_WARN_DEPRECATED_OBJC_IMPLEMENTATIONS = YES;
				CLANG_WARN_DIRECT_OBJC_ISA_USAGE = YES_ERROR;
				CLANG_WARN_DOCUMENTATION_COMMENTS = YES;
				CLANG_WARN_EMPTY_BODY = YES;
				CLANG_WARN_ENUM_CONVERSION = YES;
				CLANG_WARN_INFINITE_RECURSION = YES;
				CLANG_WARN_INT_CONVERSION = YES;
				CLANG_WARN_NON_LITERAL_NULL_CONVERSION = YES;
				CLANG_WARN_OBJC_IMPLICIT_RETAIN_SELF = YES;
				CLANG_WARN_OBJC_LITERAL_CONVERSION = YES;
				CLANG_WARN_OBJC_ROOT_CLASS = YES_ERROR;
				CLANG_WARN_RANGE_LOOP_ANALYSIS = YES;
				CLANG_WARN_STRICT_PROTOTYPES = YES;
				CLANG_WARN_SUSPICIOUS_MOVE = YES;
				CLANG_WARN_UNGUARDED_AVAILABILITY = YES_AGGRESSIVE;
				CLANG_WARN_UNREACHABLE_CODE = YES;
				CLANG_WARN__DUPLICATE_METHOD_MATCH = YES;
				COPY_PHASE_STRIP = NO;
				DEBUG_INFORMATION_FORMAT = "dwarf-with-dsym";
				ENABLE_NS_ASSERTIONS = NO;
				ENABLE_STRICT_OBJC_MSGSEND = YES;
				GCC_C_LANGUAGE_STANDARD = gnu11;
				GCC_NO_COMMON_BLOCKS = YES;
				GCC_WARN_64_TO_32_BIT_CONVERSION = YES;
				GCC_WARN_ABOUT_RETURN_TYPE = YES_ERROR;
				GCC_WARN_UNDECLARED_SELECTOR = YES;
				GCC_WARN_UNINITIALIZED_AUTOS = YES_AGGRESSIVE;
				GCC_WARN_UNUSED_FUNCTION = YES;
				GCC_WARN_UNUSED_VARIABLE = YES;
				IPHONEOS_DEPLOYMENT_TARGET = 13.2;
				MTL_ENABLE_DEBUG_INFO = NO;
				MTL_FAST_MATH = YES;
				SDKROOT = iphoneos;
				SWIFT_COMPILATION_MODE = wholemodule;
				SWIFT_OPTIMIZATION_LEVEL = "-O";
				VALIDATE_PRODUCT = YES;
			};
			name = Release;
		};
		C17A470F23DFF48400082052 /* Debug */ = {
			isa = XCBuildConfiguration;
			buildSettings = {
				ASSETCATALOG_COMPILER_APPICON_NAME = AppIcon;
				CODE_SIGN_STYLE = Automatic;
				DEVELOPMENT_TEAM = "";
				INFOPLIST_FILE = Dayn/Info.plist;
				LD_RUNPATH_SEARCH_PATHS = (
					"$(inherited)",
					"@executable_path/Frameworks",
				);
				PRODUCT_BUNDLE_IDENTIFIER = com.antique.Dayn;
				PRODUCT_NAME = "$(TARGET_NAME)";
				SWIFT_VERSION = 5.0;
				TARGETED_DEVICE_FAMILY = "1,2";
			};
			name = Debug;
		};
		C17A471023DFF48400082052 /* Release */ = {
			isa = XCBuildConfiguration;
			buildSettings = {
				ASSETCATALOG_COMPILER_APPICON_NAME = AppIcon;
				CODE_SIGN_STYLE = Automatic;
				DEVELOPMENT_TEAM = "";
				INFOPLIST_FILE = Dayn/Info.plist;
				LD_RUNPATH_SEARCH_PATHS = (
					"$(inherited)",
					"@executable_path/Frameworks",
				);
				PRODUCT_BUNDLE_IDENTIFIER = com.antique.Dayn;
				PRODUCT_NAME = "$(TARGET_NAME)";
				SWIFT_VERSION = 5.0;
				TARGETED_DEVICE_FAMILY = "1,2";
			};
			name = Release;
		};
/* End XCBuildConfiguration section */

/* Begin XCConfigurationList section */
		C17A46F523DFF48300082052 /* Build configuration list for PBXProject "Dayn" */ = {
			isa = XCConfigurationList;
			buildConfigurations = (
				C17A470C23DFF48400082052 /* Debug */,
				C17A470D23DFF48400082052 /* Release */,
			);
			defaultConfigurationIsVisible = 0;
			defaultConfigurationName = Release;
		};
		C17A470E23DFF48400082052 /* Build configuration list for PBXNativeTarget "Dayn" */ = {
			isa = XCConfigurationList;
			buildConfigurations = (
				C17A470F23DFF48400082052 /* Debug */,
				C17A471023DFF48400082052 /* Release */,
			);
			defaultConfigurationIsVisible = 0;
			defaultConfigurationName = Release;
		};
/* End XCConfigurationList section */
	};
	rootObject = C17A46F223DFF48300082052 /* Project object */;
}
